
Microsoft Visual Studio Solution File, Format Version 10.00
# Visual Studio 2008
Project("{FAE04EC0-301F-11D3-BF4B-00C04F79EFBC}") = "AgentJohnson", "AgentJohnson.csproj", "{4223E1C5-7AC8-4B81-942F-F331B972028C}"
EndProject
Global
	GlobalSection(SolutionConfigurationPlatforms) = preSolution
		Debug|Any CPU = Debug|Any CPU
		Release|Any CPU = Release|Any CPU
	EndGlobalSection
	GlobalSection(ProjectConfigurationPlatforms) = postSolution
		{4223E1C5-7AC8-4B81-942F-F331B972028C}.Debug|Any CPU.ActiveCfg = Debug|Any CPU
		{4223E1C5-7AC8-4B81-942F-F331B972028C}.Debug|Any CPU.Build.0 = Debug|Any CPU
		{4223E1C5-7AC8-4B81-942F-F331B972028C}.Release|Any CPU.ActiveCfg = Release|Any CPU
		{4223E1C5-7AC8-4B81-942F-F331B972028C}.Release|Any CPU.Build.0 = Release|Any CPU
	EndGlobalSection
	GlobalSection(SolutionProperties) = preSolution
		HideSolutionNode = FALSE
	EndGlobalSection
EndGlobal
